
Microsoft Visual Studio Solution File, Format Version 12.00
Project("{FAE04EC0-301F-11D3-BF4B-00C04F79EFBC}") = "ExtensionMethods", "ExtensionMethods\ExtensionMethods.csproj", "{9F5C53D6-448C-4301-9B36-9934D80DDDF5}"
EndProject
Global
	GlobalSection(SolutionConfigurationPlatforms) = preSolution
		Debug|Any CPU = Debug|Any CPU
		Release|Any CPU = Release|Any CPU
	EndGlobalSection
	GlobalSection(ProjectConfigurationPlatforms) = postSolution
		{9F5C53D6-448C-4301-9B36-9934D80DDDF5}.Debug|Any CPU.ActiveCfg = Debug|Any CPU
		{9F5C53D6-448C-4301-9B36-9934D80DDDF5}.Debug|Any CPU.Build.0 = Debug|Any CPU
		{9F5C53D6-448C-4301-9B36-9934D80DDDF5}.Release|Any CPU.ActiveCfg = Release|Any CPU
		{9F5C53D6-448C-4301-9B36-9934D80DDDF5}.Release|Any CPU.Build.0 = Release|Any CPU
	EndGlobalSection
EndGlobal
